
Microsoft Visual Studio Solution File, Format Version 12.00
# Visual Studio 15
VisualStudioVersion = 15.0.27428.2037
MinimumVisualStudioVersion = 10.0.40219.1
Project("{FAE04EC0-301F-11D3-BF4B-00C04F79EFBC}") = "MoguMaze", "MoguMaze\MoguMaze.csproj", "{91971C25-345C-46BD-990D-F8DE6EF4F6AE}"
EndProject
Global
	GlobalSection(SolutionConfigurationPlatforms) = preSolution
		Debug|Any CPU = Debug|Any CPU
		Release|Any CPU = Release|Any CPU
	EndGlobalSection
	GlobalSection(ProjectConfigurationPlatforms) = postSolution
		{91971C25-345C-46BD-990D-F8DE6EF4F6AE}.Debug|Any CPU.ActiveCfg = Debug|Any CPU
		{91971C25-345C-46BD-990D-F8DE6EF4F6AE}.Debug|Any CPU.Build.0 = Debug|Any CPU
		{91971C25-345C-46BD-990D-F8DE6EF4F6AE}.Release|Any CPU.ActiveCfg = Release|Any CPU
		{91971C25-345C-46BD-990D-F8DE6EF4F6AE}.Release|Any CPU.Build.0 = Release|Any CPU
	EndGlobalSection
	GlobalSection(SolutionProperties) = preSolution
		HideSolutionNode = FALSE
	EndGlobalSection
	GlobalSection(ExtensibilityGlobals) = postSolution
		SolutionGuid = {A9157065-3E1A-42F9-AB3A-E404F4F56472}
	EndGlobalSection
EndGlobal
